
Microsoft Visual Studio Solution File, Format Version 12.00
# Visual Studio Version 17
VisualStudioVersion = 17.14.36518.9 d17.14
MinimumVisualStudioVersion = 10.0.40219.1
Project("{FAE04EC0-301F-11D3-BF4B-00C04F79EFBC}") = "grafic_editor", "grafic_editor\grafic_editor.csproj", "{B24CEAF4-A308-4FC3-AB15-89D56F75A8C0}"
EndProject
Global
	GlobalSection(SolutionConfigurationPlatforms) = preSolution
		Debug|Any CPU = Debug|Any CPU
		Release|Any CPU = Release|Any CPU
	EndGlobalSection
	GlobalSection(ProjectConfigurationPlatforms) = postSolution
		{B24CEAF4-A308-4FC3-AB15-89D56F75A8C0}.Debug|Any CPU.ActiveCfg = Debug|Any CPU
		{B24CEAF4-A308-4FC3-AB15-89D56F75A8C0}.Debug|Any CPU.Build.0 = Debug|Any CPU
		{B24CEAF4-A308-4FC3-AB15-89D56F75A8C0}.Release|Any CPU.ActiveCfg = Release|Any CPU
		{B24CEAF4-A308-4FC3-AB15-89D56F75A8C0}.Release|Any CPU.Build.0 = Release|Any CPU
	EndGlobalSection
	GlobalSection(SolutionProperties) = preSolution
		HideSolutionNode = FALSE
	EndGlobalSection
	GlobalSection(ExtensibilityGlobals) = postSolution
		SolutionGuid = {1F192337-1C3D-4B94-A4B5-E8DB06372B83}
	EndGlobalSection
EndGlobal
